<?xml version="1.0" encoding="UTF-8" standalone="yes" ?>
<CodeBlocks_project_file>
	<FileVersion major="1" minor="6" />
	<Project>
		<Option title="Special Reletivity Calculator" />
		<Option pch_mode="2" />
		<Option compiler="gcc" />
		<Build>
			<Target title="Release">
				<Option output="bin/Release/Special Reletivity Calculator" prefix_auto="1" extension_auto="1" />
				<Option object_output="obj/Release/" />
				<Option type="1" />
				<Option compiler="gcc" />
				<Compiler>
					<Add option="-O2" />
					<Add directory="include" />
				</Compiler>
				<Linker>
					<Add option="-s" />
				</Linker>
			</Target>
		</Build>
		<Compiler>
			<Add option="-Wall" />
			<Add option="-fexceptions" />
		</Compiler>
		<Unit filename="include/DopplerEffect.h" />
		<Unit filename="include/Fundamentals.h" />
		<Unit filename="include/GalileanTransform.h" />
		<Unit filename="include/LenghtContraction.h" />
		<Unit filename="include/LorenzTransfrom.h" />
		<Unit filename="include/RelativisticMomentum.h" />
		<Unit filename="include/ReletiviticKineticEnergy.h" />
		<Unit filename="include/SpecialReletivity.h" />
		<Unit filename="include/TimeDilation.h" />
		<Unit filename="include/VectorDatabase.h" />
		<Unit filename="include/reletiviticEnergy.h" />
		<Unit filename="main.cpp" />
		<Unit filename="src/DopplerEffect.cpp" />
		<Unit filename="src/Fundamentals.cpp" />
		<Unit filename="src/GalileanTransform.cpp" />
		<Unit filename="src/LenghtContraction.cpp" />
		<Unit filename="src/LorenzTransfrom.cpp" />
		<Unit filename="src/RelativisticMomentum.cpp" />
		<Unit filename="src/ReletiviticKineticEnergy.cpp" />
		<Unit filename="src/SpecialReletivity.cpp" />
		<Unit filename="src/TimeDilation.cpp" />
		<Unit filename="src/VectorDatabase.cpp" />
		<Unit filename="src/reletiviticEnergy.cpp" />
		<Extensions>
			<lib_finder disable_auto="1" />
		</Extensions>
	</Project>
</CodeBlocks_project_file>
